Microsoft Visual Studio Solution File, Format Version 12.00
# Visual Studio Version 17
VisualStudioVersion = 17.5.2.0
MinimumVisualStudioVersion = 10.0.40219.1
Project("{FAE04EC0-301F-11D3-BF4B-00C04F79EFBC}") = "exercicio-metodo-records-listas", "exercicio-metodo-records-listas.csproj", "{39CB064C-B20D-FC09-B28D-CB1BE431072A}"
EndProject
Global
	GlobalSection(SolutionConfigurationPlatforms) = preSolution
		Debug|Any CPU = Debug|Any CPU
		Release|Any CPU = Release|Any CPU
	EndGlobalSection
	GlobalSection(ProjectConfigurationPlatforms) = postSolution
		{39CB064C-B20D-FC09-B28D-CB1BE431072A}.Debug|Any CPU.ActiveCfg = Debug|Any CPU
		{39CB064C-B20D-FC09-B28D-CB1BE431072A}.Debug|Any CPU.Build.0 = Debug|Any CPU
		{39CB064C-B20D-FC09-B28D-CB1BE431072A}.Release|Any CPU.ActiveCfg = Release|Any CPU
		{39CB064C-B20D-FC09-B28D-CB1BE431072A}.Release|Any CPU.Build.0 = Release|Any CPU
	EndGlobalSection
	GlobalSection(SolutionProperties) = preSolution
		HideSolutionNode = FALSE
	EndGlobalSection
	GlobalSection(ExtensibilityGlobals) = postSolution
		SolutionGuid = {ED7D5CAC-0504-4496-89CA-BE1D324ED740}
	EndGlobalSection
EndGlobal
